
Microsoft Visual Studio Solution File, Format Version 12.00
# Visual Studio Version 17
VisualStudioVersion = 17.9.34622.214
MinimumVisualStudioVersion = 10.0.40219.1
Project("{8BC9CEB8-8B4A-11D0-8D11-00A0C91BC942}") = "SWProject", "SWProject\SWProject.vcxproj", "{7CA7E41A-1D1E-41FE-8F83-550F4CF17DDC}"
EndProject
Global
	GlobalSection(SolutionConfigurationPlatforms) = preSolution
		Debug|x64 = Debug|x64
		Release|x64 = Release|x64
	EndGlobalSection
	GlobalSection(ProjectConfigurationPlatforms) = postSolution
		{7CA7E41A-1D1E-41FE-8F83-550F4CF17DDC}.Debug|x64.ActiveCfg = Debug|x64
		{7CA7E41A-1D1E-41FE-8F83-550F4CF17DDC}.Debug|x64.Build.0 = Debug|x64
		{7CA7E41A-1D1E-41FE-8F83-550F4CF17DDC}.Release|x64.ActiveCfg = Release|x64
		{7CA7E41A-1D1E-41FE-8F83-550F4CF17DDC}.Release|x64.Build.0 = Release|x64
	EndGlobalSection
	GlobalSection(SolutionProperties) = preSolution
		HideSolutionNode = FALSE
	EndGlobalSection
	GlobalSection(ExtensibilityGlobals) = postSolution
		SolutionGuid = {19FEB5E2-F306-4E04-A33D-98BFD90AFD45}
	EndGlobalSection
EndGlobal
